
Microsoft Visual Studio Solution File, Format Version 12.00
# Visual Studio Version 17
VisualStudioVersion = 17.2.32630.192
MinimumVisualStudioVersion = 10.0.40219.1
Project("{FAE04EC0-301F-11D3-BF4B-00C04F79EFBC}") = "payment_test", "payment_test\payment_test.csproj", "{AFFA1DAC-70A2-4164-B0D1-A748A12E6AA1}"
EndProject
Global
	GlobalSection(SolutionConfigurationPlatforms) = preSolution
		Debug|Any CPU = Debug|Any CPU
		Release|Any CPU = Release|Any CPU
	EndGlobalSection
	GlobalSection(ProjectConfigurationPlatforms) = postSolution
		{AFFA1DAC-70A2-4164-B0D1-A748A12E6AA1}.Debug|Any CPU.ActiveCfg = Debug|Any CPU
		{AFFA1DAC-70A2-4164-B0D1-A748A12E6AA1}.Debug|Any CPU.Build.0 = Debug|Any CPU
		{AFFA1DAC-70A2-4164-B0D1-A748A12E6AA1}.Release|Any CPU.ActiveCfg = Release|Any CPU
		{AFFA1DAC-70A2-4164-B0D1-A748A12E6AA1}.Release|Any CPU.Build.0 = Release|Any CPU
	EndGlobalSection
	GlobalSection(SolutionProperties) = preSolution
		HideSolutionNode = FALSE
	EndGlobalSection
	GlobalSection(ExtensibilityGlobals) = postSolution
		SolutionGuid = {5330E5C3-4948-4548-9783-9E8D29138620}
	EndGlobalSection
EndGlobal
